# THIS IS AN AUTOGENERATED FILE. DO NOT EDIT THIS FILE DIRECTLY.
# yarn lockfile v1


gini-ss@^0.2.1:
  version "0.2.1"
  resolved "https://registry.yarnpkg.com/gini-ss/-/gini-ss-0.2.1.tgz#afd2c3a240d21e271d2b4f6b4ab1f1f82c75d5f6"
  integrity sha512-TCeo3hpSbQYN6O7bEuPCrDtCjbNTHZQbOccOvvpLBxn4UcD51BPN0+1LYRSeV05ruPQo2wqG370Pq87cVOqlyw==
